
Microsoft Visual Studio Solution File, Format Version 12.00
# Visual Studio 14
VisualStudioVersion = 14.0.25420.1
MinimumVisualStudioVersion = 10.0.40219.1
Project("{8BC9CEB8-8B4A-11D0-8D11-00A0C91BC942}") = "Question3", "Question3\Question3.vcxproj", "{78C715F9-62B9-4FC3-AAE0-65E234327EAD}"
EndProject
Project("{8BC9CEB8-8B4A-11D0-8D11-00A0C91BC942}") = "Test", "Test\Test.vcxproj", "{581874B6-F805-43DA-85C4-A7D473B09223}"
EndProject
Project("{8BC9CEB8-8B4A-11D0-8D11-00A0C91BC942}") = "Question4", "Question4\Question4.vcxproj", "{258CFCC9-56D8-41C5-B85C-06C3774ED657}"
EndProject
Project("{8BC9CEB8-8B4A-11D0-8D11-00A0C91BC942}") = "Question1", "Question1\Question1.vcxproj", "{A39F4E50-18FC-445E-A3C3-865F821C948E}"
EndProject
Project("{8BC9CEB8-8B4A-11D0-8D11-00A0C91BC942}") = "Question2", "Question2\Question2.vcxproj", "{CAD6F389-FA80-4645-B96B-588F0FB5A119}"
EndProject
Project("{8BC9CEB8-8B4A-11D0-8D11-00A0C91BC942}") = "Question5", "Question5\Question5.vcxproj", "{635059D1-7E6A-43C4-BA93-E7D4ECF03DE0}"
EndProject
Global
	GlobalSection(SolutionConfigurationPlatforms) = preSolution
		Debug|ARM = Debug|ARM
		Debug|x64 = Debug|x64
		Debug|x86 = Debug|x86
		Release|ARM = Release|ARM
		Release|x64 = Release|x64
		Release|x86 = Release|x86
	EndGlobalSection
	GlobalSection(ProjectConfigurationPlatforms) = postSolution
		{78C715F9-62B9-4FC3-AAE0-65E234327EAD}.Debug|ARM.ActiveCfg = Debug|x64
		{78C715F9-62B9-4FC3-AAE0-65E234327EAD}.Debug|x64.ActiveCfg = Debug|x64
		{78C715F9-62B9-4FC3-AAE0-65E234327EAD}.Debug|x64.Build.0 = Debug|x64
		{78C715F9-62B9-4FC3-AAE0-65E234327EAD}.Debug|x86.ActiveCfg = Debug|x64
		{78C715F9-62B9-4FC3-AAE0-65E234327EAD}.Release|ARM.ActiveCfg = Release|x64
		{78C715F9-62B9-4FC3-AAE0-65E234327EAD}.Release|x64.ActiveCfg = Release|x64
		{78C715F9-62B9-4FC3-AAE0-65E234327EAD}.Release|x64.Build.0 = Release|x64
		{78C715F9-62B9-4FC3-AAE0-65E234327EAD}.Release|x86.ActiveCfg = Release|x64
		{581874B6-F805-43DA-85C4-A7D473B09223}.Debug|ARM.ActiveCfg = Debug|Win32
		{581874B6-F805-43DA-85C4-A7D473B09223}.Debug|x64.ActiveCfg = Debug|x64
		{581874B6-F805-43DA-85C4-A7D473B09223}.Debug|x64.Build.0 = Debug|x64
		{581874B6-F805-43DA-85C4-A7D473B09223}.Debug|x86.ActiveCfg = Debug|Win32
		{581874B6-F805-43DA-85C4-A7D473B09223}.Debug|x86.Build.0 = Debug|Win32
		{581874B6-F805-43DA-85C4-A7D473B09223}.Release|ARM.ActiveCfg = Release|Win32
		{581874B6-F805-43DA-85C4-A7D473B09223}.Release|x64.ActiveCfg = Release|x64
		{581874B6-F805-43DA-85C4-A7D473B09223}.Release|x64.Build.0 = Release|x64
		{581874B6-F805-43DA-85C4-A7D473B09223}.Release|x86.ActiveCfg = Release|Win32
		{581874B6-F805-43DA-85C4-A7D473B09223}.Release|x86.Build.0 = Release|Win32
		{258CFCC9-56D8-41C5-B85C-06C3774ED657}.Debug|ARM.ActiveCfg = Debug|x64
		{258CFCC9-56D8-41C5-B85C-06C3774ED657}.Debug|x64.ActiveCfg = Debug|x64
		{258CFCC9-56D8-41C5-B85C-06C3774ED657}.Debug|x64.Build.0 = Debug|x64
		{258CFCC9-56D8-41C5-B85C-06C3774ED657}.Debug|x86.ActiveCfg = Debug|x64
		{258CFCC9-56D8-41C5-B85C-06C3774ED657}.Release|ARM.ActiveCfg = Release|x64
		{258CFCC9-56D8-41C5-B85C-06C3774ED657}.Release|x64.ActiveCfg = Release|x64
		{258CFCC9-56D8-41C5-B85C-06C3774ED657}.Release|x64.Build.0 = Release|x64
		{258CFCC9-56D8-41C5-B85C-06C3774ED657}.Release|x86.ActiveCfg = Release|x64
		{A39F4E50-18FC-445E-A3C3-865F821C948E}.Debug|ARM.ActiveCfg = Debug|Win32
		{A39F4E50-18FC-445E-A3C3-865F821C948E}.Debug|x64.ActiveCfg = Debug|x64
		{A39F4E50-18FC-445E-A3C3-865F821C948E}.Debug|x64.Build.0 = Debug|x64
		{A39F4E50-18FC-445E-A3C3-865F821C948E}.Debug|x86.ActiveCfg = Debug|Win32
		{A39F4E50-18FC-445E-A3C3-865F821C948E}.Debug|x86.Build.0 = Debug|Win32
		{A39F4E50-18FC-445E-A3C3-865F821C948E}.Release|ARM.ActiveCfg = Release|Win32
		{A39F4E50-18FC-445E-A3C3-865F821C948E}.Release|x64.ActiveCfg = Release|x64
		{A39F4E50-18FC-445E-A3C3-865F821C948E}.Release|x64.Build.0 = Release|x64
		{A39F4E50-18FC-445E-A3C3-865F821C948E}.Release|x86.ActiveCfg = Release|Win32
		{A39F4E50-18FC-445E-A3C3-865F821C948E}.Release|x86.Build.0 = Release|Win32
		{CAD6F389-FA80-4645-B96B-588F0FB5A119}.Debug|ARM.ActiveCfg = Debug|x64
		{CAD6F389-FA80-4645-B96B-588F0FB5A119}.Debug|x64.ActiveCfg = Debug|x64
		{CAD6F389-FA80-4645-B96B-588F0FB5A119}.Debug|x64.Build.0 = Debug|x64
		{CAD6F389-FA80-4645-B96B-588F0FB5A119}.Debug|x86.ActiveCfg = Debug|x64
		{CAD6F389-FA80-4645-B96B-588F0FB5A119}.Release|ARM.ActiveCfg = Release|x64
		{CAD6F389-FA80-4645-B96B-588F0FB5A119}.Release|x64.ActiveCfg = Release|x64
		{CAD6F389-FA80-4645-B96B-588F0FB5A119}.Release|x64.Build.0 = Release|x64
		{CAD6F389-FA80-4645-B96B-588F0FB5A119}.Release|x86.ActiveCfg = Release|x64
		{635059D1-7E6A-43C4-BA93-E7D4ECF03DE0}.Debug|ARM.ActiveCfg = Debug|x64
		{635059D1-7E6A-43C4-BA93-E7D4ECF03DE0}.Debug|x64.ActiveCfg = Debug|x64
		{635059D1-7E6A-43C4-BA93-E7D4ECF03DE0}.Debug|x64.Build.0 = Debug|x64
		{635059D1-7E6A-43C4-BA93-E7D4ECF03DE0}.Debug|x86.ActiveCfg = Debug|x64
		{635059D1-7E6A-43C4-BA93-E7D4ECF03DE0}.Release|ARM.ActiveCfg = Release|x64
		{635059D1-7E6A-43C4-BA93-E7D4ECF03DE0}.Release|x64.ActiveCfg = Release|x64
		{635059D1-7E6A-43C4-BA93-E7D4ECF03DE0}.Release|x64.Build.0 = Release|x64
		{635059D1-7E6A-43C4-BA93-E7D4ECF03DE0}.Release|x86.ActiveCfg = Release|x64
	EndGlobalSection
	GlobalSection(SolutionProperties) = preSolution
		HideSolutionNode = FALSE
	EndGlobalSection
EndGlobal
